
Microsoft Visual Studio Solution File, Format Version 12.00
# Visual Studio Version 16
VisualStudioVersion = 16.0.29926.136
MinimumVisualStudioVersion = 10.0.40219.1
Project("{FAE04EC0-301F-11D3-BF4B-00C04F79EFBC}") = "Артём", "Артём\Артём.csproj", "{51498C86-5FAD-45D8-BE48-D2566E02A154}"
EndProject
Global
	GlobalSection(SolutionConfigurationPlatforms) = preSolution
		Debug|Any CPU = Debug|Any CPU
		Release|Any CPU = Release|Any CPU
	EndGlobalSection
	GlobalSection(ProjectConfigurationPlatforms) = postSolution
		{51498C86-5FAD-45D8-BE48-D2566E02A154}.Debug|Any CPU.ActiveCfg = Debug|Any CPU
		{51498C86-5FAD-45D8-BE48-D2566E02A154}.Debug|Any CPU.Build.0 = Debug|Any CPU
		{51498C86-5FAD-45D8-BE48-D2566E02A154}.Release|Any CPU.ActiveCfg = Release|Any CPU
		{51498C86-5FAD-45D8-BE48-D2566E02A154}.Release|Any CPU.Build.0 = Release|Any CPU
	EndGlobalSection
	GlobalSection(SolutionProperties) = preSolution
		HideSolutionNode = FALSE
	EndGlobalSection
	GlobalSection(ExtensibilityGlobals) = postSolution
		SolutionGuid = {0FFE13DD-329D-439D-814C-36F200355680}
	EndGlobalSection
EndGlobal
